
Microsoft Visual Studio Solution File, Format Version 12.00
# Visual Studio 15
Project("{FAE04EC0-301F-11D3-BF4B-00C04F79EFBC}") = "UnityEngine.UI", "UnityEngine.UI.csproj", "{3D2EDFBA-FD61-63E4-4573-BF8588D2D5F5}"
EndProject
Project("{FAE04EC0-301F-11D3-BF4B-00C04F79EFBC}") = "UnityEngine.TestRunner", "UnityEngine.TestRunner.csproj", "{2D15153F-F848-A283-ECED-A5DFB212AD06}"
EndProject
Project("{FAE04EC0-301F-11D3-BF4B-00C04F79EFBC}") = "Unity.TextMeshPro", "Unity.TextMeshPro.csproj", "{32138D03-5AEB-6078-1E8D-6E512CB6C134}"
EndProject
Project("{FAE04EC0-301F-11D3-BF4B-00C04F79EFBC}") = "Unity.Timeline", "Unity.Timeline.csproj", "{F50639D4-1B81-83A0-A69E-3F97BB9362BB}"
EndProject
Project("{FAE04EC0-301F-11D3-BF4B-00C04F79EFBC}") = "Assembly-CSharp", "Assembly-CSharp.csproj", "{0E9F8E7E-E05D-E94D-725E-AB9241A7BA8F}"
EndProject
Project("{FAE04EC0-301F-11D3-BF4B-00C04F79EFBC}") = "UnityEditor.TestRunner", "UnityEditor.TestRunner.csproj", "{1AD40141-B727-F49F-6034-DF66AC38D6E6}"
EndProject
Project("{FAE04EC0-301F-11D3-BF4B-00C04F79EFBC}") = "Unity.VisualStudio.Editor", "Unity.VisualStudio.Editor.csproj", "{E6644B05-FE73-2F3E-DC2D-9ED43590B74D}"
EndProject
Project("{FAE04EC0-301F-11D3-BF4B-00C04F79EFBC}") = "Unity.TextMeshPro.Editor", "Unity.TextMeshPro.Editor.csproj", "{AF939DF4-EA2E-9F1A-DAE5-F42D97133E73}"
EndProject
Project("{FAE04EC0-301F-11D3-BF4B-00C04F79EFBC}") = "Unity.Timeline.Editor", "Unity.Timeline.Editor.csproj", "{23E8CD5A-F6EC-CA54-50CE-1A06F28706D3}"
EndProject
Project("{FAE04EC0-301F-11D3-BF4B-00C04F79EFBC}") = "Unity.Rider.Editor", "Unity.Rider.Editor.csproj", "{AB043FA8-54EB-A601-0E24-FFC276A3BFD9}"
EndProject
Project("{FAE04EC0-301F-11D3-BF4B-00C04F79EFBC}") = "UnityEditor.UI", "UnityEditor.UI.csproj", "{C059BB71-7F51-F021-CD16-F6AF76C5A3EC}"
EndProject
Project("{FAE04EC0-301F-11D3-BF4B-00C04F79EFBC}") = "Unity.VSCode.Editor", "Unity.VSCode.Editor.csproj", "{B999C6C0-4F8F-9FDE-C4FB-44A417DAA4DE}"
EndProject
Global
	GlobalSection(SolutionConfigurationPlatforms) = preSolution
		Debug|Any CPU = Debug|Any CPU
		Release|Any CPU = Release|Any CPU
	EndGlobalSection
	GlobalSection(ProjectConfigurationPlatforms) = postSolution
		{3D2EDFBA-FD61-63E4-4573-BF8588D2D5F5}.Debug|Any CPU.ActiveCfg = Debug|Any CPU
		{3D2EDFBA-FD61-63E4-4573-BF8588D2D5F5}.Debug|Any CPU.Build.0 = Debug|Any CPU
		{3D2EDFBA-FD61-63E4-4573-BF8588D2D5F5}.Release|Any CPU.ActiveCfg = Release|Any CPU
		{3D2EDFBA-FD61-63E4-4573-BF8588D2D5F5}.Release|Any CPU.Build.0 = Release|Any CPU
		{2D15153F-F848-A283-ECED-A5DFB212AD06}.Debug|Any CPU.ActiveCfg = Debug|Any CPU
		{2D15153F-F848-A283-ECED-A5DFB212AD06}.Debug|Any CPU.Build.0 = Debug|Any CPU
		{2D15153F-F848-A283-ECED-A5DFB212AD06}.Release|Any CPU.ActiveCfg = Release|Any CPU
		{2D15153F-F848-A283-ECED-A5DFB212AD06}.Release|Any CPU.Build.0 = Release|Any CPU
		{32138D03-5AEB-6078-1E8D-6E512CB6C134}.Debug|Any CPU.ActiveCfg = Debug|Any CPU
		{32138D03-5AEB-6078-1E8D-6E512CB6C134}.Debug|Any CPU.Build.0 = Debug|Any CPU
		{32138D03-5AEB-6078-1E8D-6E512CB6C134}.Release|Any CPU.ActiveCfg = Release|Any CPU
		{32138D03-5AEB-6078-1E8D-6E512CB6C134}.Release|Any CPU.Build.0 = Release|Any CPU
		{F50639D4-1B81-83A0-A69E-3F97BB9362BB}.Debug|Any CPU.ActiveCfg = Debug|Any CPU
		{F50639D4-1B81-83A0-A69E-3F97BB9362BB}.Debug|Any CPU.Build.0 = Debug|Any CPU
		{F50639D4-1B81-83A0-A69E-3F97BB9362BB}.Release|Any CPU.ActiveCfg = Release|Any CPU
		{F50639D4-1B81-83A0-A69E-3F97BB9362BB}.Release|Any CPU.Build.0 = Release|Any CPU
		{0E9F8E7E-E05D-E94D-725E-AB9241A7BA8F}.Debug|Any CPU.ActiveCfg = Debug|Any CPU
		{0E9F8E7E-E05D-E94D-725E-AB9241A7BA8F}.Debug|Any CPU.Build.0 = Debug|Any CPU
		{0E9F8E7E-E05D-E94D-725E-AB9241A7BA8F}.Release|Any CPU.ActiveCfg = Release|Any CPU
		{0E9F8E7E-E05D-E94D-725E-AB9241A7BA8F}.Release|Any CPU.Build.0 = Release|Any CPU
		{1AD40141-B727-F49F-6034-DF66AC38D6E6}.Debug|Any CPU.ActiveCfg = Debug|Any CPU
		{1AD40141-B727-F49F-6034-DF66AC38D6E6}.Debug|Any CPU.Build.0 = Debug|Any CPU
		{1AD40141-B727-F49F-6034-DF66AC38D6E6}.Release|Any CPU.ActiveCfg = Release|Any CPU
		{1AD40141-B727-F49F-6034-DF66AC38D6E6}.Release|Any CPU.Build.0 = Release|Any CPU
		{E6644B05-FE73-2F3E-DC2D-9ED43590B74D}.Debug|Any CPU.ActiveCfg = Debug|Any CPU
		{E6644B05-FE73-2F3E-DC2D-9ED43590B74D}.Debug|Any CPU.Build.0 = Debug|Any CPU
		{E6644B05-FE73-2F3E-DC2D-9ED43590B74D}.Release|Any CPU.ActiveCfg = Release|Any CPU
		{E6644B05-FE73-2F3E-DC2D-9ED43590B74D}.Release|Any CPU.Build.0 = Release|Any CPU
		{AF939DF4-EA2E-9F1A-DAE5-F42D97133E73}.Debug|Any CPU.ActiveCfg = Debug|Any CPU
		{AF939DF4-EA2E-9F1A-DAE5-F42D97133E73}.Debug|Any CPU.Build.0 = Debug|Any CPU
		{AF939DF4-EA2E-9F1A-DAE5-F42D97133E73}.Release|Any CPU.ActiveCfg = Release|Any CPU
		{AF939DF4-EA2E-9F1A-DAE5-F42D97133E73}.Release|Any CPU.Build.0 = Release|Any CPU
		{23E8CD5A-F6EC-CA54-50CE-1A06F28706D3}.Debug|Any CPU.ActiveCfg = Debug|Any CPU
		{23E8CD5A-F6EC-CA54-50CE-1A06F28706D3}.Debug|Any CPU.Build.0 = Debug|Any CPU
		{23E8CD5A-F6EC-CA54-50CE-1A06F28706D3}.Release|Any CPU.ActiveCfg = Release|Any CPU
		{23E8CD5A-F6EC-CA54-50CE-1A06F28706D3}.Release|Any CPU.Build.0 = Release|Any CPU
		{AB043FA8-54EB-A601-0E24-FFC276A3BFD9}.Debug|Any CPU.ActiveCfg = Debug|Any CPU
		{AB043FA8-54EB-A601-0E24-FFC276A3BFD9}.Debug|Any CPU.Build.0 = Debug|Any CPU
		{AB043FA8-54EB-A601-0E24-FFC276A3BFD9}.Release|Any CPU.ActiveCfg = Release|Any CPU
		{AB043FA8-54EB-A601-0E24-FFC276A3BFD9}.Release|Any CPU.Build.0 = Release|Any CPU
		{C059BB71-7F51-F021-CD16-F6AF76C5A3EC}.Debug|Any CPU.ActiveCfg = Debug|Any CPU
		{C059BB71-7F51-F021-CD16-F6AF76C5A3EC}.Debug|Any CPU.Build.0 = Debug|Any CPU
		{C059BB71-7F51-F021-CD16-F6AF76C5A3EC}.Release|Any CPU.ActiveCfg = Release|Any CPU
		{C059BB71-7F51-F021-CD16-F6AF76C5A3EC}.Release|Any CPU.Build.0 = Release|Any CPU
		{B999C6C0-4F8F-9FDE-C4FB-44A417DAA4DE}.Debug|Any CPU.ActiveCfg = Debug|Any CPU
		{B999C6C0-4F8F-9FDE-C4FB-44A417DAA4DE}.Debug|Any CPU.Build.0 = Debug|Any CPU
		{B999C6C0-4F8F-9FDE-C4FB-44A417DAA4DE}.Release|Any CPU.ActiveCfg = Release|Any CPU
		{B999C6C0-4F8F-9FDE-C4FB-44A417DAA4DE}.Release|Any CPU.Build.0 = Release|Any CPU
	EndGlobalSection
	GlobalSection(SolutionProperties) = preSolution
		HideSolutionNode = FALSE
	EndGlobalSection
EndGlobal
